// !$*UTF8*$!
{
	archiveVersion = 1;
	classes = {
	};
	objectVersion = 56;
	objects = {

/* Begin PBXBuildFile section */
		A0300B592A9CD86C007B2FBF /* MyStoreApp.swift in Sources */ = {isa = PBXBuildFile; fileRef = A0300B582A9CD86C007B2FBF /* MyStoreApp.swift */; };
		A0300B5B2A9CD86C007B2FBF /* ContentView.swift in Sources */ = {isa = PBXBuildFile; fileRef = A0300B5A2A9CD86C007B2FBF /* ContentView.swift */; };
		A0300B5D2A9CD86E007B2FBF /* Assets.xcassets in Resources */ = {isa = PBXBuildFile; fileRef = A0300B5C2A9CD86E007B2FBF /* Assets.xcassets */; };
		A0300B602A9CD86E007B2FBF /* Preview Assets.xcassets in Resources */ = {isa = PBXBuildFile; fileRef = A0300B5F2A9CD86E007B2FBF /* Preview Assets.xcassets */; };
		A0300B752A9CDC4C007B2FBF /* product.json in Resources */ = {isa = PBXBuildFile; fileRef = A0300B712A9CDC4C007B2FBF /* product.json */; };
		A0300B762A9CDC4C007B2FBF /* brand.json in Resources */ = {isa = PBXBuildFile; fileRef = A0300B722A9CDC4C007B2FBF /* brand.json */; };
		A0300B772A9CDC4C007B2FBF /* player.json in Resources */ = {isa = PBXBuildFile; fileRef = A0300B732A9CDC4C007B2FBF /* player.json */; };
		A0300B782A9CDC4C007B2FBF /* category.json in Resources */ = {isa = PBXBuildFile; fileRef = A0300B742A9CDC4C007B2FBF /* category.json */; };
		A0300B7A2A9CDC9B007B2FBF /* Constant.swift in Sources */ = {isa = PBXBuildFile; fileRef = A0300B792A9CDC9B007B2FBF /* Constant.swift */; };
		A0300B7C2A9CDD6D007B2FBF /* FooterView.swift in Sources */ = {isa = PBXBuildFile; fileRef = A0300B7B2A9CDD6D007B2FBF /* FooterView.swift */; };
		A0300B7E2A9F6F85007B2FBF /* NavigationBarView.swift in Sources */ = {isa = PBXBuildFile; fileRef = A0300B7D2A9F6F85007B2FBF /* NavigationBarView.swift */; };
		A0300B802A9F7151007B2FBF /* LogoView.swift in Sources */ = {isa = PBXBuildFile; fileRef = A0300B7F2A9F7151007B2FBF /* LogoView.swift */; };
		A0300B822AA0400B007B2FBF /* PlayerModel.swift in Sources */ = {isa = PBXBuildFile; fileRef = A0300B812AA0400B007B2FBF /* PlayerModel.swift */; };
		A0300B842AA04075007B2FBF /* CodableBundleExtension.swift in Sources */ = {isa = PBXBuildFile; fileRef = A0300B832AA04075007B2FBF /* CodableBundleExtension.swift */; };
		A0300B862AA044F8007B2FBF /* FeaturedItemView.swift in Sources */ = {isa = PBXBuildFile; fileRef = A0300B852AA044F8007B2FBF /* FeaturedItemView.swift */; };
		A0300B882AA04664007B2FBF /* FeaturedTabView.swift in Sources */ = {isa = PBXBuildFile; fileRef = A0300B872AA04664007B2FBF /* FeaturedTabView.swift */; };
		A082F40E2AA2E2A80012C408 /* CategoryModel.swift in Sources */ = {isa = PBXBuildFile; fileRef = A082F40D2AA2E2A80012C408 /* CategoryModel.swift */; };
		A082F4102AA2E5AC0012C408 /* CategoryItemView.swift in Sources */ = {isa = PBXBuildFile; fileRef = A082F40F2AA2E5AC0012C408 /* CategoryItemView.swift */; };
		A082F4122AA2E82B0012C408 /* CategoryGridView.swift in Sources */ = {isa = PBXBuildFile; fileRef = A082F4112AA2E82B0012C408 /* CategoryGridView.swift */; };
		A082F4142AA2EDB40012C408 /* SectionView.swift in Sources */ = {isa = PBXBuildFile; fileRef = A082F4132AA2EDB40012C408 /* SectionView.swift */; };
		A082F4162AA346E50012C408 /* TitleView.swift in Sources */ = {isa = PBXBuildFile; fileRef = A082F4152AA346E50012C408 /* TitleView.swift */; };
		A082F4182AA349040012C408 /* ProductModel.swift in Sources */ = {isa = PBXBuildFile; fileRef = A082F4172AA349040012C408 /* ProductModel.swift */; };
		A082F41A2AA34A010012C408 /* ProductItemView.swift in Sources */ = {isa = PBXBuildFile; fileRef = A082F4192AA34A010012C408 /* ProductItemView.swift */; };
		A082F41C2AA3561F0012C408 /* BrandModel.swift in Sources */ = {isa = PBXBuildFile; fileRef = A082F41B2AA3561F0012C408 /* BrandModel.swift */; };
		A082F41E2AA356940012C408 /* BrandItemView.swift in Sources */ = {isa = PBXBuildFile; fileRef = A082F41D2AA356940012C408 /* BrandItemView.swift */; };
		A082F4202AA358210012C408 /* BrandGridView.swift in Sources */ = {isa = PBXBuildFile; fileRef = A082F41F2AA358210012C408 /* BrandGridView.swift */; };
		A0A2069D2AA45E9D000C567C /* ProductDetailView.swift in Sources */ = {isa = PBXBuildFile; fileRef = A0A2069C2AA45E9D000C567C /* ProductDetailView.swift */; };
		A0A2069F2AA46032000C567C /* NavigationBarDetailView.swift in Sources */ = {isa = PBXBuildFile; fileRef = A0A2069E2AA46032000C567C /* NavigationBarDetailView.swift */; };
		A0A206A12AA46152000C567C /* HeaderDetailView.swift in Sources */ = {isa = PBXBuildFile; fileRef = A0A206A02AA46152000C567C /* HeaderDetailView.swift */; };
		A0A206A32AA46236000C567C /* TopPartDetailView.swift in Sources */ = {isa = PBXBuildFile; fileRef = A0A206A22AA46236000C567C /* TopPartDetailView.swift */; };
		A0A206A52AA484C5000C567C /* CustomShape.swift in Sources */ = {isa = PBXBuildFile; fileRef = A0A206A42AA484C5000C567C /* CustomShape.swift */; };
		A0A206A72AA4889B000C567C /* RatingsSizesDetailView.swift in Sources */ = {isa = PBXBuildFile; fileRef = A0A206A62AA4889B000C567C /* RatingsSizesDetailView.swift */; };
		A0A206A92AA48BCB000C567C /* QuantityFavouriteDetailView.swift in Sources */ = {isa = PBXBuildFile; fileRef = A0A206A82AA48BCB000C567C /* QuantityFavouriteDetailView.swift */; };
		A0A206AB2AA48DD4000C567C /* AddToCartDetailView.swift in Sources */ = {isa = PBXBuildFile; fileRef = A0A206AA2AA48DD4000C567C /* AddToCartDetailView.swift */; };
/* End PBXBuildFile section */

/* Begin PBXFileReference section */
		A0300B552A9CD86C007B2FBF /* MyStore.app */ = {isa = PBXFileReference; explicitFileType = wrapper.application; includeInIndex = 0; path = MyStore.app; sourceTree = BUILT_PRODUCTS_DIR; };
		A0300B582A9CD86C007B2FBF /* MyStoreApp.swift */ = {isa = PBXFileReference; lastKnownFileType = sourcecode.swift; path = MyStoreApp.swift; sourceTree = "<group>"; };
		A0300B5A2A9CD86C007B2FBF /* ContentView.swift */ = {isa = PBXFileReference; lastKnownFileType = sourcecode.swift; path = ContentView.swift; sourceTree = "<group>"; };
		A0300B5C2A9CD86E007B2FBF /* Assets.xcassets */ = {isa = PBXFileReference; lastKnownFileType = folder.assetcatalog; path = Assets.xcassets; sourceTree = "<group>"; };
		A0300B5F2A9CD86E007B2FBF /* Preview Assets.xcassets */ = {isa = PBXFileReference; lastKnownFileType = folder.assetcatalog; path = "Preview Assets.xcassets"; sourceTree = "<group>"; };
		A0300B682A9CD9BD007B2FBF /* Info.plist */ = {isa = PBXFileReference; lastKnownFileType = text.plist; path = Info.plist; sourceTree = "<group>"; };
		A0300B712A9CDC4C007B2FBF /* product.json */ = {isa = PBXFileReference; fileEncoding = 4; lastKnownFileType = text.json; path = product.json; sourceTree = "<group>"; };
		A0300B722A9CDC4C007B2FBF /* brand.json */ = {isa = PBXFileReference; fileEncoding = 4; lastKnownFileType = text.json; path = brand.json; sourceTree = "<group>"; };
		A0300B732A9CDC4C007B2FBF /* player.json */ = {isa = PBXFileReference; fileEncoding = 4; lastKnownFileType = text.json; path = player.json; sourceTree = "<group>"; };
		A0300B742A9CDC4C007B2FBF /* category.json */ = {isa = PBXFileReference; fileEncoding = 4; lastKnownFileType = text.json; path = category.json; sourceTree = "<group>"; };
		A0300B792A9CDC9B007B2FBF /* Constant.swift */ = {isa = PBXFileReference; lastKnownFileType = sourcecode.swift; path = Constant.swift; sourceTree = "<group>"; };
		A0300B7B2A9CDD6D007B2FBF /* FooterView.swift */ = {isa = PBXFileReference; lastKnownFileType = sourcecode.swift; path = FooterView.swift; sourceTree = "<group>"; };
		A0300B7D2A9F6F85007B2FBF /* NavigationBarView.swift */ = {isa = PBXFileReference; lastKnownFileType = sourcecode.swift; path = NavigationBarView.swift; sourceTree = "<group>"; };
		A0300B7F2A9F7151007B2FBF /* LogoView.swift */ = {isa = PBXFileReference; lastKnownFileType = sourcecode.swift; path = LogoView.swift; sourceTree = "<group>"; };
		A0300B812AA0400B007B2FBF /* PlayerModel.swift */ = {isa = PBXFileReference; lastKnownFileType = sourcecode.swift; path = PlayerModel.swift; sourceTree = "<group>"; };
		A0300B832AA04075007B2FBF /* CodableBundleExtension.swift */ = {isa = PBXFileReference; lastKnownFileType = sourcecode.swift; path = CodableBundleExtension.swift; sourceTree = "<group>"; };
		A0300B852AA044F8007B2FBF /* FeaturedItemView.swift */ = {isa = PBXFileReference; lastKnownFileType = sourcecode.swift; path = FeaturedItemView.swift; sourceTree = "<group>"; };
		A0300B872AA04664007B2FBF /* FeaturedTabView.swift */ = {isa = PBXFileReference; lastKnownFileType = sourcecode.swift; path = FeaturedTabView.swift; sourceTree = "<group>"; };
		A082F40D2AA2E2A80012C408 /* CategoryModel.swift */ = {isa = PBXFileReference; lastKnownFileType = sourcecode.swift; path = CategoryModel.swift; sourceTree = "<group>"; };
		A082F40F2AA2E5AC0012C408 /* CategoryItemView.swift */ = {isa = PBXFileReference; lastKnownFileType = sourcecode.swift; path = CategoryItemView.swift; sourceTree = "<group>"; };
		A082F4112AA2E82B0012C408 /* CategoryGridView.swift */ = {isa = PBXFileReference; lastKnownFileType = sourcecode.swift; path = CategoryGridView.swift; sourceTree = "<group>"; };
		A082F4132AA2EDB40012C408 /* SectionView.swift */ = {isa = PBXFileReference; lastKnownFileType = sourcecode.swift; path = SectionView.swift; sourceTree = "<group>"; };
		A082F4152AA346E50012C408 /* TitleView.swift */ = {isa = PBXFileReference; lastKnownFileType = sourcecode.swift; path = TitleView.swift; sourceTree = "<group>"; };
		A082F4172AA349040012C408 /* ProductModel.swift */ = {isa = PBXFileReference; lastKnownFileType = sourcecode.swift; path = ProductModel.swift; sourceTree = "<group>"; };
		A082F4192AA34A010012C408 /* ProductItemView.swift */ = {isa = PBXFileReference; lastKnownFileType = sourcecode.swift; path = ProductItemView.swift; sourceTree = "<group>"; };
		A082F41B2AA3561F0012C408 /* BrandModel.swift */ = {isa = PBXFileReference; lastKnownFileType = sourcecode.swift; path = BrandModel.swift; sourceTree = "<group>"; };
		A082F41D2AA356940012C408 /* BrandItemView.swift */ = {isa = PBXFileReference; lastKnownFileType = sourcecode.swift; path = BrandItemView.swift; sourceTree = "<group>"; };
		A082F41F2AA358210012C408 /* BrandGridView.swift */ = {isa = PBXFileReference; lastKnownFileType = sourcecode.swift; path = BrandGridView.swift; sourceTree = "<group>"; };
		A0A2069C2AA45E9D000C567C /* ProductDetailView.swift */ = {isa = PBXFileReference; lastKnownFileType = sourcecode.swift; path = ProductDetailView.swift; sourceTree = "<group>"; };
		A0A2069E2AA46032000C567C /* NavigationBarDetailView.swift */ = {isa = PBXFileReference; lastKnownFileType = sourcecode.swift; path = NavigationBarDetailView.swift; sourceTree = "<group>"; };
		A0A206A02AA46152000C567C /* HeaderDetailView.swift */ = {isa = PBXFileReference; lastKnownFileType = sourcecode.swift; path = HeaderDetailView.swift; sourceTree = "<group>"; };
		A0A206A22AA46236000C567C /* TopPartDetailView.swift */ = {isa = PBXFileReference; lastKnownFileType = sourcecode.swift; path = TopPartDetailView.swift; sourceTree = "<group>"; };
		A0A206A42AA484C5000C567C /* CustomShape.swift */ = {isa = PBXFileReference; lastKnownFileType = sourcecode.swift; path = CustomShape.swift; sourceTree = "<group>"; };
		A0A206A62AA4889B000C567C /* RatingsSizesDetailView.swift */ = {isa = PBXFileReference; lastKnownFileType = sourcecode.swift; path = RatingsSizesDetailView.swift; sourceTree = "<group>"; };
		A0A206A82AA48BCB000C567C /* QuantityFavouriteDetailView.swift */ = {isa = PBXFileReference; lastKnownFileType = sourcecode.swift; path = QuantityFavouriteDetailView.swift; sourceTree = "<group>"; };
		A0A206AA2AA48DD4000C567C /* AddToCartDetailView.swift */ = {isa = PBXFileReference; lastKnownFileType = sourcecode.swift; path = AddToCartDetailView.swift; sourceTree = "<group>"; };
/* End PBXFileReference section */

/* Begin PBXFrameworksBuildPhase section */
		A0300B522A9CD86C007B2FBF /* Frameworks */ = {
			isa = PBXFrameworksBuildPhase;
			buildActionMask = 2147483647;
			files = (
			);
			runOnlyForDeploymentPostprocessing = 0;
		};
/* End PBXFrameworksBuildPhase section */

/* Begin PBXGroup section */
		A0300B4C2A9CD86C007B2FBF = {
			isa = PBXGroup;
			children = (
				A0300B572A9CD86C007B2FBF /* MyStore */,
				A0300B562A9CD86C007B2FBF /* Products */,
			);
			sourceTree = "<group>";
		};
		A0300B562A9CD86C007B2FBF /* Products */ = {
			isa = PBXGroup;
			children = (
				A0300B552A9CD86C007B2FBF /* MyStore.app */,
			);
			name = Products;
			sourceTree = "<group>";
		};
		A0300B572A9CD86C007B2FBF /* MyStore */ = {
			isa = PBXGroup;
			children = (
				A0300B702A9CDC22007B2FBF /* Utility */,
				A0300B6F2A9CDC17007B2FBF /* Extension */,
				A0300B6C2A9CDBE1007B2FBF /* View */,
				A0300B6B2A9CDBDA007B2FBF /* Data */,
				A0300B692A9CDB96007B2FBF /* Model */,
				A0300B682A9CD9BD007B2FBF /* Info.plist */,
				A0300B6A2A9CDBAC007B2FBF /* App */,
				A0300B5C2A9CD86E007B2FBF /* Assets.xcassets */,
				A0300B5E2A9CD86E007B2FBF /* Preview Content */,
			);
			path = MyStore;
			sourceTree = "<group>";
		};
		A0300B5E2A9CD86E007B2FBF /* Preview Content */ = {
			isa = PBXGroup;
			children = (
				A0300B5F2A9CD86E007B2FBF /* Preview Assets.xcassets */,
			);
			path = "Preview Content";
			sourceTree = "<group>";
		};
		A0300B692A9CDB96007B2FBF /* Model */ = {
			isa = PBXGroup;
			children = (
				A0300B812AA0400B007B2FBF /* PlayerModel.swift */,
				A082F40D2AA2E2A80012C408 /* CategoryModel.swift */,
				A082F4172AA349040012C408 /* ProductModel.swift */,
				A082F41B2AA3561F0012C408 /* BrandModel.swift */,
			);
			path = Model;
			sourceTree = "<group>";
		};
		A0300B6A2A9CDBAC007B2FBF /* App */ = {
			isa = PBXGroup;
			children = (
				A0300B582A9CD86C007B2FBF /* MyStoreApp.swift */,
				A0300B5A2A9CD86C007B2FBF /* ContentView.swift */,
				A0A2069C2AA45E9D000C567C /* ProductDetailView.swift */,
			);
			path = App;
			sourceTree = "<group>";
		};
		A0300B6B2A9CDBDA007B2FBF /* Data */ = {
			isa = PBXGroup;
			children = (
				A0300B722A9CDC4C007B2FBF /* brand.json */,
				A0300B742A9CDC4C007B2FBF /* category.json */,
				A0300B732A9CDC4C007B2FBF /* player.json */,
				A0300B712A9CDC4C007B2FBF /* product.json */,
			);
			path = Data;
			sourceTree = "<group>";
		};
		A0300B6C2A9CDBE1007B2FBF /* View */ = {
			isa = PBXGroup;
			children = (
				A0300B6E2A9CDBF2007B2FBF /* Detail */,
				A0300B6D2A9CDBEA007B2FBF /* Home */,
			);
			path = View;
			sourceTree = "<group>";
		};
		A0300B6D2A9CDBEA007B2FBF /* Home */ = {
			isa = PBXGroup;
			children = (
				A0300B7B2A9CDD6D007B2FBF /* FooterView.swift */,
				A0300B7D2A9F6F85007B2FBF /* NavigationBarView.swift */,
				A0300B7F2A9F7151007B2FBF /* LogoView.swift */,
				A0300B852AA044F8007B2FBF /* FeaturedItemView.swift */,
				A0300B872AA04664007B2FBF /* FeaturedTabView.swift */,
				A082F40F2AA2E5AC0012C408 /* CategoryItemView.swift */,
				A082F4112AA2E82B0012C408 /* CategoryGridView.swift */,
				A082F4132AA2EDB40012C408 /* SectionView.swift */,
				A082F4152AA346E50012C408 /* TitleView.swift */,
				A082F4192AA34A010012C408 /* ProductItemView.swift */,
				A082F41D2AA356940012C408 /* BrandItemView.swift */,
				A082F41F2AA358210012C408 /* BrandGridView.swift */,
			);
			path = Home;
			sourceTree = "<group>";
		};
		A0300B6E2A9CDBF2007B2FBF /* Detail */ = {
			isa = PBXGroup;
			children = (
				A0A2069E2AA46032000C567C /* NavigationBarDetailView.swift */,
				A0A206A02AA46152000C567C /* HeaderDetailView.swift */,
				A0A206A22AA46236000C567C /* TopPartDetailView.swift */,
				A0A206A62AA4889B000C567C /* RatingsSizesDetailView.swift */,
				A0A206A82AA48BCB000C567C /* QuantityFavouriteDetailView.swift */,
				A0A206AA2AA48DD4000C567C /* AddToCartDetailView.swift */,
			);
			path = Detail;
			sourceTree = "<group>";
		};
		A0300B6F2A9CDC17007B2FBF /* Extension */ = {
			isa = PBXGroup;
			children = (
				A0300B832AA04075007B2FBF /* CodableBundleExtension.swift */,
			);
			path = Extension;
			sourceTree = "<group>";
		};
		A0300B702A9CDC22007B2FBF /* Utility */ = {
			isa = PBXGroup;
			children = (
				A0300B792A9CDC9B007B2FBF /* Constant.swift */,
				A0A206A42AA484C5000C567C /* CustomShape.swift */,
			);
			path = Utility;
			sourceTree = "<group>";
		};
/* End PBXGroup section */

/* Begin PBXNativeTarget section */
		A0300B542A9CD86C007B2FBF /* MyStore */ = {
			isa = PBXNativeTarget;
			buildConfigurationList = A0300B632A9CD86E007B2FBF /* Build configuration list for PBXNativeTarget "MyStore" */;
			buildPhases = (
				A0300B512A9CD86C007B2FBF /* Sources */,
				A0300B522A9CD86C007B2FBF /* Frameworks */,
				A0300B532A9CD86C007B2FBF /* Resources */,
			);
			buildRules = (
			);
			dependencies = (
			);
			name = MyStore;
			productName = MyStore;
			productReference = A0300B552A9CD86C007B2FBF /* MyStore.app */;
			productType = "com.apple.product-type.application";
		};
/* End PBXNativeTarget section */

/* Begin PBXProject section */
		A0300B4D2A9CD86C007B2FBF /* Project object */ = {
			isa = PBXProject;
			attributes = {
				BuildIndependentTargetsInParallel = 1;
				LastSwiftUpdateCheck = 1430;
				LastUpgradeCheck = 1430;
				TargetAttributes = {
					A0300B542A9CD86C007B2FBF = {
						CreatedOnToolsVersion = 14.3;
					};
				};
			};
			buildConfigurationList = A0300B502A9CD86C007B2FBF /* Build configuration list for PBXProject "MyStore" */;
			compatibilityVersion = "Xcode 14.0";
			developmentRegion = en;
			hasScannedForEncodings = 0;
			knownRegions = (
				en,
				Base,
			);
			mainGroup = A0300B4C2A9CD86C007B2FBF;
			productRefGroup = A0300B562A9CD86C007B2FBF /* Products */;
			projectDirPath = "";
			projectRoot = "";
			targets = (
				A0300B542A9CD86C007B2FBF /* MyStore */,
			);
		};
/* End PBXProject section */

/* Begin PBXResourcesBuildPhase section */
		A0300B532A9CD86C007B2FBF /* Resources */ = {
			isa = PBXResourcesBuildPhase;
			buildActionMask = 2147483647;
			files = (
				A0300B772A9CDC4C007B2FBF /* player.json in Resources */,
				A0300B602A9CD86E007B2FBF /* Preview Assets.xcassets in Resources */,
				A0300B762A9CDC4C007B2FBF /* brand.json in Resources */,
				A0300B782A9CDC4C007B2FBF /* category.json in Resources */,
				A0300B5D2A9CD86E007B2FBF /* Assets.xcassets in Resources */,
				A0300B752A9CDC4C007B2FBF /* product.json in Resources */,
			);
			runOnlyForDeploymentPostprocessing = 0;
		};
/* End PBXResourcesBuildPhase section */

/* Begin PBXSourcesBuildPhase section */
		A0300B512A9CD86C007B2FBF /* Sources */ = {
			isa = PBXSourcesBuildPhase;
			buildActionMask = 2147483647;
			files = (
				A0300B842AA04075007B2FBF /* CodableBundleExtension.swift in Sources */,
				A0A206A12AA46152000C567C /* HeaderDetailView.swift in Sources */,
				A0A206A32AA46236000C567C /* TopPartDetailView.swift in Sources */,
				A0300B5B2A9CD86C007B2FBF /* ContentView.swift in Sources */,
				A0300B802A9F7151007B2FBF /* LogoView.swift in Sources */,
				A0300B7C2A9CDD6D007B2FBF /* FooterView.swift in Sources */,
				A0300B862AA044F8007B2FBF /* FeaturedItemView.swift in Sources */,
				A082F41A2AA34A010012C408 /* ProductItemView.swift in Sources */,
				A0A206AB2AA48DD4000C567C /* AddToCartDetailView.swift in Sources */,
				A082F4202AA358210012C408 /* BrandGridView.swift in Sources */,
				A0A206A72AA4889B000C567C /* RatingsSizesDetailView.swift in Sources */,
				A0300B592A9CD86C007B2FBF /* MyStoreApp.swift in Sources */,
				A0A2069D2AA45E9D000C567C /* ProductDetailView.swift in Sources */,
				A0A2069F2AA46032000C567C /* NavigationBarDetailView.swift in Sources */,
				A0300B7A2A9CDC9B007B2FBF /* Constant.swift in Sources */,
				A082F4122AA2E82B0012C408 /* CategoryGridView.swift in Sources */,
				A082F40E2AA2E2A80012C408 /* CategoryModel.swift in Sources */,
				A0300B7E2A9F6F85007B2FBF /* NavigationBarView.swift in Sources */,
				A082F4142AA2EDB40012C408 /* SectionView.swift in Sources */,
				A082F41E2AA356940012C408 /* BrandItemView.swift in Sources */,
				A082F4102AA2E5AC0012C408 /* CategoryItemView.swift in Sources */,
				A0300B882AA04664007B2FBF /* FeaturedTabView.swift in Sources */,
				A0A206A52AA484C5000C567C /* CustomShape.swift in Sources */,
				A0300B822AA0400B007B2FBF /* PlayerModel.swift in Sources */,
				A082F41C2AA3561F0012C408 /* BrandModel.swift in Sources */,
				A082F4162AA346E50012C408 /* TitleView.swift in Sources */,
				A0A206A92AA48BCB000C567C /* QuantityFavouriteDetailView.swift in Sources */,
				A082F4182AA349040012C408 /* ProductModel.swift in Sources */,
			);
			runOnlyForDeploymentPostprocessing = 0;
		};
/* End PBXSourcesBuildPhase section */

/* Begin XCBuildConfiguration section */
		A0300B612A9CD86E007B2FBF /* Debug */ = {
			isa = XCBuildConfiguration;
			buildSettings = {
				ALWAYS_SEARCH_USER_PATHS = NO;
				CLANG_ANALYZER_NONNULL = YES;
				CLANG_ANALYZER_NUMBER_OBJECT_CONVERSION = YES_AGGRESSIVE;
				CLANG_CXX_LANGUAGE_STANDARD = "gnu++20";
				CLANG_ENABLE_MODULES = YES;
				CLANG_ENABLE_OBJC_ARC = YES;
				CLANG_ENABLE_OBJC_WEAK = YES;
				CLANG_WARN_BLOCK_CAPTURE_AUTORELEASING = YES;
				CLANG_WARN_BOOL_CONVERSION = YES;
				CLANG_WARN_COMMA = YES;
				CLANG_WARN_CONSTANT_CONVERSION = YES;
				CLANG_WARN_DEPRECATED_OBJC_IMPLEMENTATIONS = YES;
				CLANG_WARN_DIRECT_OBJC_ISA_USAGE = YES_ERROR;
				CLANG_WARN_DOCUMENTATION_COMMENTS = YES;
				CLANG_WARN_EMPTY_BODY = YES;
				CLANG_WARN_ENUM_CONVERSION = YES;
				CLANG_WARN_INFINITE_RECURSION = YES;
				CLANG_WARN_INT_CONVERSION = YES;
				CLANG_WARN_NON_LITERAL_NULL_CONVERSION = YES;
				CLANG_WARN_OBJC_IMPLICIT_RETAIN_SELF = YES;
				CLANG_WARN_OBJC_LITERAL_CONVERSION = YES;
				CLANG_WARN_OBJC_ROOT_CLASS = YES_ERROR;
				CLANG_WARN_QUOTED_INCLUDE_IN_FRAMEWORK_HEADER = YES;
				CLANG_WARN_RANGE_LOOP_ANALYSIS = YES;
				CLANG_WARN_STRICT_PROTOTYPES = YES;
				CLANG_WARN_SUSPICIOUS_MOVE = YES;
				CLANG_WARN_UNGUARDED_AVAILABILITY = YES_AGGRESSIVE;
				CLANG_WARN_UNREACHABLE_CODE = YES;
				CLANG_WARN__DUPLICATE_METHOD_MATCH = YES;
				COPY_PHASE_STRIP = NO;
				DEBUG_INFORMATION_FORMAT = dwarf;
				ENABLE_STRICT_OBJC_MSGSEND = YES;
				ENABLE_TESTABILITY = YES;
				GCC_C_LANGUAGE_STANDARD = gnu11;
				GCC_DYNAMIC_NO_PIC = NO;
				GCC_NO_COMMON_BLOCKS = YES;
				GCC_OPTIMIZATION_LEVEL = 0;
				GCC_PREPROCESSOR_DEFINITIONS = (
					"DEBUG=1",
					"$(inherited)",
				);
				GCC_WARN_64_TO_32_BIT_CONVERSION = YES;
				GCC_WARN_ABOUT_RETURN_TYPE = YES_ERROR;
				GCC_WARN_UNDECLARED_SELECTOR = YES;
				GCC_WARN_UNINITIALIZED_AUTOS = YES_AGGRESSIVE;
				GCC_WARN_UNUSED_FUNCTION = YES;
				GCC_WARN_UNUSED_VARIABLE = YES;
				IPHONEOS_DEPLOYMENT_TARGET = 16.4;
				MTL_ENABLE_DEBUG_INFO = INCLUDE_SOURCE;
				MTL_FAST_MATH = YES;
				ONLY_ACTIVE_ARCH = YES;
				SDKROOT = iphoneos;
				SWIFT_ACTIVE_COMPILATION_CONDITIONS = DEBUG;
				SWIFT_OPTIMIZATION_LEVEL = "-Onone";
			};
			name = Debug;
		};
		A0300B622A9CD86E007B2FBF /* Release */ = {
			isa = XCBuildConfiguration;
			buildSettings = {
				ALWAYS_SEARCH_USER_PATHS = NO;
				CLANG_ANALYZER_NONNULL = YES;
				CLANG_ANALYZER_NUMBER_OBJECT_CONVERSION = YES_AGGRESSIVE;
				CLANG_CXX_LANGUAGE_STANDARD = "gnu++20";
				CLANG_ENABLE_MODULES = YES;
				CLANG_ENABLE_OBJC_ARC = YES;
				CLANG_ENABLE_OBJC_WEAK = YES;
				CLANG_WARN_BLOCK_CAPTURE_AUTORELEASING = YES;
				CLANG_WARN_BOOL_CONVERSION = YES;
				CLANG_WARN_COMMA = YES;
				CLANG_WARN_CONSTANT_CONVERSION = YES;
				CLANG_WARN_DEPRECATED_OBJC_IMPLEMENTATIONS = YES;
				CLANG_WARN_DIRECT_OBJC_ISA_USAGE = YES_ERROR;
				CLANG_WARN_DOCUMENTATION_COMMENTS = YES;
				CLANG_WARN_EMPTY_BODY = YES;
				CLANG_WARN_ENUM_CONVERSION = YES;
				CLANG_WARN_INFINITE_RECURSION = YES;
				CLANG_WARN_INT_CONVERSION = YES;
				CLANG_WARN_NON_LITERAL_NULL_CONVERSION = YES;
				CLANG_WARN_OBJC_IMPLICIT_RETAIN_SELF = YES;
				CLANG_WARN_OBJC_LITERAL_CONVERSION = YES;
				CLANG_WARN_OBJC_ROOT_CLASS = YES_ERROR;
				CLANG_WARN_QUOTED_INCLUDE_IN_FRAMEWORK_HEADER = YES;
				CLANG_WARN_RANGE_LOOP_ANALYSIS = YES;
				CLANG_WARN_STRICT_PROTOTYPES = YES;
				CLANG_WARN_SUSPICIOUS_MOVE = YES;
				CLANG_WARN_UNGUARDED_AVAILABILITY = YES_AGGRESSIVE;
				CLANG_WARN_UNREACHABLE_CODE = YES;
				CLANG_WARN__DUPLICATE_METHOD_MATCH = YES;
				COPY_PHASE_STRIP = NO;
				DEBUG_INFORMATION_FORMAT = "dwarf-with-dsym";
				ENABLE_NS_ASSERTIONS = NO;
				ENABLE_STRICT_OBJC_MSGSEND = YES;
				GCC_C_LANGUAGE_STANDARD = gnu11;
				GCC_NO_COMMON_BLOCKS = YES;
				GCC_WARN_64_TO_32_BIT_CONVERSION = YES;
				GCC_WARN_ABOUT_RETURN_TYPE = YES_ERROR;
				GCC_WARN_UNDECLARED_SELECTOR = YES;
				GCC_WARN_UNINITIALIZED_AUTOS = YES_AGGRESSIVE;
				GCC_WARN_UNUSED_FUNCTION = YES;
				GCC_WARN_UNUSED_VARIABLE = YES;
				IPHONEOS_DEPLOYMENT_TARGET = 16.4;
				MTL_ENABLE_DEBUG_INFO = NO;
				MTL_FAST_MATH = YES;
				SDKROOT = iphoneos;
				SWIFT_COMPILATION_MODE = wholemodule;
				SWIFT_OPTIMIZATION_LEVEL = "-O";
				VALIDATE_PRODUCT = YES;
			};
			name = Release;
		};
		A0300B642A9CD86E007B2FBF /* Debug */ = {
			isa = XCBuildConfiguration;
			buildSettings = {
				ASSETCATALOG_COMPILER_APPICON_NAME = AppIcon;
				ASSETCATALOG_COMPILER_GLOBAL_ACCENT_COLOR_NAME = AccentColor;
				CODE_SIGN_STYLE = Automatic;
				CURRENT_PROJECT_VERSION = 1;
				DEVELOPMENT_ASSET_PATHS = "\"MyStore/Preview Content\"";
				DEVELOPMENT_TEAM = 985R44ND7P;
				ENABLE_PREVIEWS = YES;
				GENERATE_INFOPLIST_FILE = YES;
				INFOPLIST_FILE = MyStore/Info.plist;
				INFOPLIST_KEY_UIApplicationSceneManifest_Generation = YES;
				INFOPLIST_KEY_UIApplicationSupportsIndirectInputEvents = YES;
				INFOPLIST_KEY_UISupportedInterfaceOrientations = UIInterfaceOrientationPortrait;
				INFOPLIST_KEY_UISupportedInterfaceOrientations_iPad = "UIInterfaceOrientationLandscapeLeft UIInterfaceOrientationLandscapeRight UIInterfaceOrientationPortrait UIInterfaceOrientationPortraitUpsideDown";
				INFOPLIST_KEY_UIUserInterfaceStyle = Light;
				LD_RUNPATH_SEARCH_PATHS = (
					"$(inherited)",
					"@executable_path/Frameworks",
				);
				MARKETING_VERSION = 1.0;
				PRODUCT_BUNDLE_IDENTIFIER = com.aayam.MyStore;
				PRODUCT_NAME = "$(TARGET_NAME)";
				SWIFT_EMIT_LOC_STRINGS = YES;
				SWIFT_VERSION = 5.0;
				TARGETED_DEVICE_FAMILY = "1,2";
			};
			name = Debug;
		};
		A0300B652A9CD86E007B2FBF /* Release */ = {
			isa = XCBuildConfiguration;
			buildSettings = {
				ASSETCATALOG_COMPILER_APPICON_NAME = AppIcon;
				ASSETCATALOG_COMPILER_GLOBAL_ACCENT_COLOR_NAME = AccentColor;
				CODE_SIGN_STYLE = Automatic;
				CURRENT_PROJECT_VERSION = 1;
				DEVELOPMENT_ASSET_PATHS = "\"MyStore/Preview Content\"";
				DEVELOPMENT_TEAM = 985R44ND7P;
				ENABLE_PREVIEWS = YES;
				GENERATE_INFOPLIST_FILE = YES;
				INFOPLIST_FILE = MyStore/Info.plist;
				INFOPLIST_KEY_UIApplicationSceneManifest_Generation = YES;
				INFOPLIST_KEY_UIApplicationSupportsIndirectInputEvents = YES;
				INFOPLIST_KEY_UISupportedInterfaceOrientations = UIInterfaceOrientationPortrait;
				INFOPLIST_KEY_UISupportedInterfaceOrientations_iPad = "UIInterfaceOrientationLandscapeLeft UIInterfaceOrientationLandscapeRight UIInterfaceOrientationPortrait UIInterfaceOrientationPortraitUpsideDown";
				INFOPLIST_KEY_UIUserInterfaceStyle = Light;
				LD_RUNPATH_SEARCH_PATHS = (
					"$(inherited)",
					"@executable_path/Frameworks",
				);
				MARKETING_VERSION = 1.0;
				PRODUCT_BUNDLE_IDENTIFIER = com.aayam.MyStore;
				PRODUCT_NAME = "$(TARGET_NAME)";
				SWIFT_EMIT_LOC_STRINGS = YES;
				SWIFT_VERSION = 5.0;
				TARGETED_DEVICE_FAMILY = "1,2";
			};
			name = Release;
		};
/* End XCBuildConfiguration section */

/* Begin XCConfigurationList section */
		A0300B502A9CD86C007B2FBF /* Build configuration list for PBXProject "MyStore" */ = {
			isa = XCConfigurationList;
			buildConfigurations = (
				A0300B612A9CD86E007B2FBF /* Debug */,
				A0300B622A9CD86E007B2FBF /* Release */,
			);
			defaultConfigurationIsVisible = 0;
			defaultConfigurationName = Release;
		};
		A0300B632A9CD86E007B2FBF /* Build configuration list for PBXNativeTarget "MyStore" */ = {
			isa = XCConfigurationList;
			buildConfigurations = (
				A0300B642A9CD86E007B2FBF /* Debug */,
				A0300B652A9CD86E007B2FBF /* Release */,
			);
			defaultConfigurationIsVisible = 0;
			defaultConfigurationName = Release;
		};
/* End XCConfigurationList section */
	};
	rootObject = A0300B4D2A9CD86C007B2FBF /* Project object */;
}
